{
  "lockfileVersion": 1,
  "configVersion": 1,
  "workspaces": {
    "": {
      "dependencies": {
        "@xterm/addon-webgl": "^0.19.0",
      },
    },
  },
  "packages": {
    "@xterm/addon-webgl": ["@xterm/addon-webgl@0.19.0", "", {}, "sha512-b3fMOsyLVuCeNJWxolACEUED0vm7qC0cy4wRvf3oURSzDTYVQiGPhTnhWZwIHdvC48Y+oLhvYXnY4XDXPoJo6A=="],
  }
}
